
Microsoft Visual Studio Solution File, Format Version 12.00
# Visual Studio Version 16
VisualStudioVersion = 16.0.30002.166
MinimumVisualStudioVersion = 10.0.40219.1
Project("{F184B08F-C81C-45F6-A57F-5ABD9991F28F}") = "yurtotomasyon", "yurtotomasyon\yurtotomasyon.vbproj", "{B0C494FF-2801-46BA-99CB-66C4CDE52961}"
EndProject
Project("{C7167F0D-BC9F-4E6E-AFE1-012C56B48DB5}") = "Yurt Ootmasyonu", "Yurt Ootmasyonu\Yurt Ootmasyonu.wapproj", "{C89957B7-0936-418D-A842-6FBA6B0430EC}"
EndProject
Project("{54435603-DBB4-11D2-8724-00A0C9A8B90C}") = "Yurt Otomasyonu", "Kurulum\Yurt Otomasyonu\Yurt Otomasyonu.vdproj", "{0AC42ED4-DCF2-4F69-9E45-3F5D4E47B4AA}"
EndProject
Global
	GlobalSection(SolutionConfigurationPlatforms) = preSolution
		Debug|Any CPU = Debug|Any CPU
		Debug|ARM = Debug|ARM
		Debug|ARM64 = Debug|ARM64
		Debug|x64 = Debug|x64
		Debug|x86 = Debug|x86
		Release|Any CPU = Release|Any CPU
		Release|ARM = Release|ARM
		Release|ARM64 = Release|ARM64
		Release|x64 = Release|x64
		Release|x86 = Release|x86
	EndGlobalSection
	GlobalSection(ProjectConfigurationPlatforms) = postSolution
		{B0C494FF-2801-46BA-99CB-66C4CDE52961}.Debug|Any CPU.ActiveCfg = Debug|Any CPU
		{B0C494FF-2801-46BA-99CB-66C4CDE52961}.Debug|Any CPU.Build.0 = Debug|Any CPU
		{B0C494FF-2801-46BA-99CB-66C4CDE52961}.Debug|ARM.ActiveCfg = Debug|Any CPU
		{B0C494FF-2801-46BA-99CB-66C4CDE52961}.Debug|ARM.Build.0 = Debug|Any CPU
		{B0C494FF-2801-46BA-99CB-66C4CDE52961}.Debug|ARM64.ActiveCfg = Debug|Any CPU
		{B0C494FF-2801-46BA-99CB-66C4CDE52961}.Debug|ARM64.Build.0 = Debug|Any CPU
		{B0C494FF-2801-46BA-99CB-66C4CDE52961}.Debug|x64.ActiveCfg = Debug|Any CPU
		{B0C494FF-2801-46BA-99CB-66C4CDE52961}.Debug|x64.Build.0 = Debug|Any CPU
		{B0C494FF-2801-46BA-99CB-66C4CDE52961}.Debug|x86.ActiveCfg = Debug|Any CPU
		{B0C494FF-2801-46BA-99CB-66C4CDE52961}.Debug|x86.Build.0 = Debug|Any CPU
		{B0C494FF-2801-46BA-99CB-66C4CDE52961}.Release|Any CPU.ActiveCfg = Release|Any CPU
		{B0C494FF-2801-46BA-99CB-66C4CDE52961}.Release|Any CPU.Build.0 = Release|Any CPU
		{B0C494FF-2801-46BA-99CB-66C4CDE52961}.Release|ARM.ActiveCfg = Release|Any CPU
		{B0C494FF-2801-46BA-99CB-66C4CDE52961}.Release|ARM.Build.0 = Release|Any CPU
		{B0C494FF-2801-46BA-99CB-66C4CDE52961}.Release|ARM64.ActiveCfg = Release|Any CPU
		{B0C494FF-2801-46BA-99CB-66C4CDE52961}.Release|ARM64.Build.0 = Release|Any CPU
		{B0C494FF-2801-46BA-99CB-66C4CDE52961}.Release|x64.ActiveCfg = Release|Any CPU
		{B0C494FF-2801-46BA-99CB-66C4CDE52961}.Release|x64.Build.0 = Release|Any CPU
		{B0C494FF-2801-46BA-99CB-66C4CDE52961}.Release|x86.ActiveCfg = Release|Any CPU
		{B0C494FF-2801-46BA-99CB-66C4CDE52961}.Release|x86.Build.0 = Release|Any CPU
		{C89957B7-0936-418D-A842-6FBA6B0430EC}.Debug|Any CPU.ActiveCfg = Debug|Any CPU
		{C89957B7-0936-418D-A842-6FBA6B0430EC}.Debug|Any CPU.Build.0 = Debug|Any CPU
		{C89957B7-0936-418D-A842-6FBA6B0430EC}.Debug|Any CPU.Deploy.0 = Debug|Any CPU
		{C89957B7-0936-418D-A842-6FBA6B0430EC}.Debug|ARM.ActiveCfg = Debug|ARM
		{C89957B7-0936-418D-A842-6FBA6B0430EC}.Debug|ARM.Build.0 = Debug|ARM
		{C89957B7-0936-418D-A842-6FBA6B0430EC}.Debug|ARM.Deploy.0 = Debug|ARM
		{C89957B7-0936-418D-A842-6FBA6B0430EC}.Debug|ARM64.ActiveCfg = Debug|ARM64
		{C89957B7-0936-418D-A842-6FBA6B0430EC}.Debug|ARM64.Build.0 = Debug|ARM64
		{C89957B7-0936-418D-A842-6FBA6B0430EC}.Debug|ARM64.Deploy.0 = Debug|ARM64
		{C89957B7-0936-418D-A842-6FBA6B0430EC}.Debug|x64.ActiveCfg = Debug|x64
		{C89957B7-0936-418D-A842-6FBA6B0430EC}.Debug|x64.Build.0 = Debug|x64
		{C89957B7-0936-418D-A842-6FBA6B0430EC}.Debug|x64.Deploy.0 = Debug|x64
		{C89957B7-0936-418D-A842-6FBA6B0430EC}.Debug|x86.ActiveCfg = Debug|x86
		{C89957B7-0936-418D-A842-6FBA6B0430EC}.Debug|x86.Build.0 = Debug|x86
		{C89957B7-0936-418D-A842-6FBA6B0430EC}.Debug|x86.Deploy.0 = Debug|x86
		{C89957B7-0936-418D-A842-6FBA6B0430EC}.Release|Any CPU.ActiveCfg = Release|Any CPU
		{C89957B7-0936-418D-A842-6FBA6B0430EC}.Release|Any CPU.Build.0 = Release|Any CPU
		{C89957B7-0936-418D-A842-6FBA6B0430EC}.Release|Any CPU.Deploy.0 = Release|Any CPU
		{C89957B7-0936-418D-A842-6FBA6B0430EC}.Release|ARM.ActiveCfg = Release|ARM
		{C89957B7-0936-418D-A842-6FBA6B0430EC}.Release|ARM.Build.0 = Release|ARM
		{C89957B7-0936-418D-A842-6FBA6B0430EC}.Release|ARM.Deploy.0 = Release|ARM
		{C89957B7-0936-418D-A842-6FBA6B0430EC}.Release|ARM64.ActiveCfg = Release|ARM64
		{C89957B7-0936-418D-A842-6FBA6B0430EC}.Release|ARM64.Build.0 = Release|ARM64
		{C89957B7-0936-418D-A842-6FBA6B0430EC}.Release|ARM64.Deploy.0 = Release|ARM64
		{C89957B7-0936-418D-A842-6FBA6B0430EC}.Release|x64.ActiveCfg = Release|x64
		{C89957B7-0936-418D-A842-6FBA6B0430EC}.Release|x64.Build.0 = Release|x64
		{C89957B7-0936-418D-A842-6FBA6B0430EC}.Release|x64.Deploy.0 = Release|x64
		{C89957B7-0936-418D-A842-6FBA6B0430EC}.Release|x86.ActiveCfg = Release|x86
		{C89957B7-0936-418D-A842-6FBA6B0430EC}.Release|x86.Build.0 = Release|x86
		{C89957B7-0936-418D-A842-6FBA6B0430EC}.Release|x86.Deploy.0 = Release|x86
		{0AC42ED4-DCF2-4F69-9E45-3F5D4E47B4AA}.Debug|Any CPU.ActiveCfg = Debug
		{0AC42ED4-DCF2-4F69-9E45-3F5D4E47B4AA}.Debug|ARM.ActiveCfg = Debug
		{0AC42ED4-DCF2-4F69-9E45-3F5D4E47B4AA}.Debug|ARM64.ActiveCfg = Debug
		{0AC42ED4-DCF2-4F69-9E45-3F5D4E47B4AA}.Debug|x64.ActiveCfg = Debug
		{0AC42ED4-DCF2-4F69-9E45-3F5D4E47B4AA}.Debug|x86.ActiveCfg = Debug
		{0AC42ED4-DCF2-4F69-9E45-3F5D4E47B4AA}.Release|Any CPU.ActiveCfg = Release
		{0AC42ED4-DCF2-4F69-9E45-3F5D4E47B4AA}.Release|ARM.ActiveCfg = Release
		{0AC42ED4-DCF2-4F69-9E45-3F5D4E47B4AA}.Release|ARM64.ActiveCfg = Release
		{0AC42ED4-DCF2-4F69-9E45-3F5D4E47B4AA}.Release|x64.ActiveCfg = Release
		{0AC42ED4-DCF2-4F69-9E45-3F5D4E47B4AA}.Release|x86.ActiveCfg = Release
	EndGlobalSection
	GlobalSection(SolutionProperties) = preSolution
		HideSolutionNode = FALSE
	EndGlobalSection
	GlobalSection(ExtensibilityGlobals) = postSolution
		SolutionGuid = {000D1B6E-75FF-44F0-A35A-8D8989AE19A9}
	EndGlobalSection
EndGlobal
