
Microsoft Visual Studio Solution File, Format Version 12.00
# Visual Studio 15
VisualStudioVersion = 15.0.28307.271
MinimumVisualStudioVersion = 10.0.40219.1
Project("{F184B08F-C81C-45F6-A57F-5ABD9991F28F}") = "yurtotomasyon", "yurtotomasyon\yurtotomasyon.vbproj", "{B0C494FF-2801-46BA-99CB-66C4CDE52961}"
EndProject
Global
	GlobalSection(SolutionConfigurationPlatforms) = preSolution
		Debug|Any CPU = Debug|Any CPU
		Release|Any CPU = Release|Any CPU
	EndGlobalSection
	GlobalSection(ProjectConfigurationPlatforms) = postSolution
		{B0C494FF-2801-46BA-99CB-66C4CDE52961}.Debug|Any CPU.ActiveCfg = Debug|Any CPU
		{B0C494FF-2801-46BA-99CB-66C4CDE52961}.Debug|Any CPU.Build.0 = Debug|Any CPU
		{B0C494FF-2801-46BA-99CB-66C4CDE52961}.Release|Any CPU.ActiveCfg = Release|Any CPU
		{B0C494FF-2801-46BA-99CB-66C4CDE52961}.Release|Any CPU.Build.0 = Release|Any CPU
	EndGlobalSection
	GlobalSection(SolutionProperties) = preSolution
		HideSolutionNode = FALSE
	EndGlobalSection
	GlobalSection(ExtensibilityGlobals) = postSolution
		SolutionGuid = {000D1B6E-75FF-44F0-A35A-8D8989AE19A9}
	EndGlobalSection
EndGlobal
